{
  "name": "server",
  "version": "1.0.0",
  "lockfileVersion": 3,
  "requires": true,
  "packages": {
    "": {
      "dependencies": {
        "express-rate-limit": "^8.5.2",
        "helmet": "^8.2.0"
      }
    },
    "node_modules/express-rate-limit": {
      "version": "8.5.2",
      "resolved": "http://package-firewall.replit.local/npm/express-rate-limit/-/express-rate-limit-8.5.2.tgz",
      "integrity": "sha512-5Kb34ipNX694DH48vN9irak1Qx30nb0PLYHXfJgw4YEjiC3ZEmZJhwOp+VfiCYwFzvFTdB9QkArYS5kXa2cx2A==",
      "license": "MIT",
      "dependencies": {
        "ip-address": "^10.2.0"
      },
      "engines": {
        "node": ">= 16"
      },
      "funding": {
        "url": "https://github.com/sponsors/express-rate-limit"
      },
      "peerDependencies": {
        "express": ">= 4.11"
      }
    },
    "node_modules/helmet": {
      "version": "8.2.0",
      "resolved": "http://package-firewall.replit.local/npm/helmet/-/helmet-8.2.0.tgz",
      "integrity": "sha512-DRgTIUgnWcJ62KyarxxziuqYxKGnR6Rgg19BlbucN/dpmJbl1XOit6qvoOX0ZT+HhWe5OUVhU/a1zpGyc1xA0Q==",
      "license": "MIT",
      "engines": {
        "node": ">=18.0.0"
      },
      "funding": {
        "url": "https://github.com/sponsors/EvanHahn"
      }
    },
    "node_modules/ip-address": {
      "version": "10.2.0",
      "resolved": "http://package-firewall.replit.local/npm/ip-address/-/ip-address-10.2.0.tgz",
      "integrity": "sha512-/+S6j4E9AHvW9SWMSEY9Xfy66O5PWvVEJ08O0y5JGyEKQpojb0K0GKpz/v5HJ/G0vi3D2sjGK78119oXZeE0qA==",
      "license": "MIT",
      "engines": {
        "node": ">= 12"
      }
    }
  }
}
